
Microsoft Visual Studio Solution File, Format Version 12.00
# Visual Studio Version 17
VisualStudioVersion = 17.1.32228.430
MinimumVisualStudioVersion = 10.0.40219.1
Project("{9A19103F-16F7-4668-BE54-9A1E7A4F7556}") = "ArchitecturePortalBackend.API", "ArchitecturePortalBackend.API\ArchitecturePortalBackend.API.csproj", "{16CC45EC-1D36-409F-9E69-411FA9CC9200}"
EndProject
Project("{9A19103F-16F7-4668-BE54-9A1E7A4F7556}") = "ArchitecturePortalBackend.DataAccess", "ArchitecturePortalBackend.DataAccess\ArchitecturePortalBackend.DataAccess.csproj", "{AC651EC3-6344-40F5-B520-A4D832F9E1A1}"
EndProject
Project("{9A19103F-16F7-4668-BE54-9A1E7A4F7556}") = "ArchitecturePortalBackend.BusinessLogic", "ArchitecturePortalBackend.BusinessLogic\ArchitecturePortalBackend.BusinessLogic.csproj", "{40932150-11EC-46B3-BEF6-DDD6191E482A}"
EndProject
Project("{9A19103F-16F7-4668-BE54-9A1E7A4F7556}") = "ArchitecturePortalBackend.Migrator", "ArchitecturePortalBackend.Migrator\ArchitecturePortalBackend.Migrator.csproj", "{5DF8B499-DA5C-483E-8A4F-8A8BDB52E547}"
EndProject
Project("{FAE04EC0-301F-11D3-BF4B-00C04F79EFBC}") = "ArchitecturePortalBackend.VaultProvider", "ArchitecturePortalBackend.VaultProvider\ArchitecturePortalBackend.VaultProvider.csproj", "{419BA147-95BA-4712-A315-43A4E497E6A5}"
EndProject
Global
	GlobalSection(SolutionConfigurationPlatforms) = preSolution
		Debug|Any CPU = Debug|Any CPU
		Release|Any CPU = Release|Any CPU
	EndGlobalSection
	GlobalSection(ProjectConfigurationPlatforms) = postSolution
		{16CC45EC-1D36-409F-9E69-411FA9CC9200}.Debug|Any CPU.ActiveCfg = Debug|Any CPU
		{16CC45EC-1D36-409F-9E69-411FA9CC9200}.Debug|Any CPU.Build.0 = Debug|Any CPU
		{16CC45EC-1D36-409F-9E69-411FA9CC9200}.Release|Any CPU.ActiveCfg = Release|Any CPU
		{16CC45EC-1D36-409F-9E69-411FA9CC9200}.Release|Any CPU.Build.0 = Release|Any CPU
		{AC651EC3-6344-40F5-B520-A4D832F9E1A1}.Debug|Any CPU.ActiveCfg = Debug|Any CPU
		{AC651EC3-6344-40F5-B520-A4D832F9E1A1}.Debug|Any CPU.Build.0 = Debug|Any CPU
		{AC651EC3-6344-40F5-B520-A4D832F9E1A1}.Release|Any CPU.ActiveCfg = Release|Any CPU
		{AC651EC3-6344-40F5-B520-A4D832F9E1A1}.Release|Any CPU.Build.0 = Release|Any CPU
		{40932150-11EC-46B3-BEF6-DDD6191E482A}.Debug|Any CPU.ActiveCfg = Debug|Any CPU
		{40932150-11EC-46B3-BEF6-DDD6191E482A}.Debug|Any CPU.Build.0 = Debug|Any CPU
		{40932150-11EC-46B3-BEF6-DDD6191E482A}.Release|Any CPU.ActiveCfg = Release|Any CPU
		{40932150-11EC-46B3-BEF6-DDD6191E482A}.Release|Any CPU.Build.0 = Release|Any CPU
		{5DF8B499-DA5C-483E-8A4F-8A8BDB52E547}.Debug|Any CPU.ActiveCfg = Debug|Any CPU
		{5DF8B499-DA5C-483E-8A4F-8A8BDB52E547}.Debug|Any CPU.Build.0 = Debug|Any CPU
		{5DF8B499-DA5C-483E-8A4F-8A8BDB52E547}.Release|Any CPU.ActiveCfg = Release|Any CPU
		{5DF8B499-DA5C-483E-8A4F-8A8BDB52E547}.Release|Any CPU.Build.0 = Release|Any CPU
		{419BA147-95BA-4712-A315-43A4E497E6A5}.Debug|Any CPU.ActiveCfg = Debug|Any CPU
		{419BA147-95BA-4712-A315-43A4E497E6A5}.Debug|Any CPU.Build.0 = Debug|Any CPU
		{419BA147-95BA-4712-A315-43A4E497E6A5}.Release|Any CPU.ActiveCfg = Release|Any CPU
		{419BA147-95BA-4712-A315-43A4E497E6A5}.Release|Any CPU.Build.0 = Release|Any CPU
	EndGlobalSection
	GlobalSection(SolutionProperties) = preSolution
		HideSolutionNode = FALSE
	EndGlobalSection
	GlobalSection(ExtensibilityGlobals) = postSolution
		SolutionGuid = {ADB90320-2D34-4E0F-82D9-34C350BD6E29}
	EndGlobalSection
EndGlobal
